{
  "version": 4,
  "terraform_version": "1.1.8",
  "serial": 1,
  "lineage": "e7222ad5-56e9-172e-2d17-3ce1be477c6c",
  "outputs": {},
  "resources": [
    {
      "module": "module.object_storage",
      "mode": "data",
      "type": "linode_object_storage_cluster",
      "name": "bucket_region",
      "provider": "provider[\"registry.terraform.io/linode/linode\"]",
      "instances": [
        {
          "schema_version": 0,
          "attributes": {
            "domain": "us-east-1.linodeobjects.com",
            "id": "us-east-1",
            "region": "us-east",
            "static_site_domain": "website-us-east-1.linodeobjects.com",
            "status": "available"
          },
          "sensitive_attributes": []
        }
      ]
    },
    {
      "module": "module.object_storage",
      "mode": "managed",
      "type": "linode_object_storage_bucket",
      "name": "beanteam_bucket",
      "provider": "provider[\"registry.terraform.io/linode/linode\"]",
      "instances": [
        {
          "schema_version": 0,
          "attributes": {
            "access_key": null,
            "acl": "private",
            "cert": [],
            "cluster": "us-east-1",
            "cors_enabled": true,
            "id": "us-east-1:beanteam",
            "label": "beanteam",
            "lifecycle_rule": [],
            "secret_key": null,
            "versioning": null
          },
          "sensitive_attributes": [],
          "private": "bnVsbA==",
          "dependencies": [
            "module.object_storage.data.linode_object_storage_cluster.bucket_region"
          ]
        }
      ]
    }
  ]
}
